
Microsoft Visual Studio Solution File, Format Version 12.00
# Visual Studio Version 17
VisualStudioVersion = 17.14.36429.23
MinimumVisualStudioVersion = 10.0.40219.1
Project("{2150E333-8FDC-42A3-9474-1A3956D46DE8}") = "src", "src", "{636EA6B8-9939-45F4-B1BD-B680263BB06D}"
EndProject
Project("{2150E333-8FDC-42A3-9474-1A3956D46DE8}") = "API", "API", "{37058BDD-5BB7-464B-A85E-35C03F541564}"
EndProject
Project("{2150E333-8FDC-42A3-9474-1A3956D46DE8}") = "Modules", "Modules", "{67A7C324-F64B-4790-97F7-126D0FEB826B}"
EndProject
Project("{2150E333-8FDC-42A3-9474-1A3956D46DE8}") = "Shared", "Shared", "{F983A566-0DE4-44FE-9DF1-62CE69A4680B}"
EndProject
Project("{2150E333-8FDC-42A3-9474-1A3956D46DE8}") = "Trains", "Trains", "{57B4B3E6-CE4C-4837-AF62-59D8F51A753A}"
EndProject
Project("{2150E333-8FDC-42A3-9474-1A3956D46DE8}") = "Tickets", "Tickets", "{DA88F1F6-E5B1-4967-8056-1C19D6FEB481}"
EndProject
Project("{FAE04EC0-301F-11D3-BF4B-00C04F79EFBC}") = "RailwayApp.Api", "src\API\RailwayApp.Api\RailwayApp.Api.csproj", "{81F2FF1E-1C13-4E5A-8AE9-EE30DCBF4959}"
EndProject
Project("{FAE04EC0-301F-11D3-BF4B-00C04F79EFBC}") = "RailwayApp.Modules.Tickets.Domain", "src\Modules\Tickets\RailwayApp.Modules.Tickets.Domain\RailwayApp.Modules.Tickets.Domain.csproj", "{46A2C9B1-997C-4A78-9292-1FB0C6A66C05}"
EndProject
Project("{FAE04EC0-301F-11D3-BF4B-00C04F79EFBC}") = "RailwayApp.Modules.Tickets.Application", "src\Modules\Tickets\RailwayApp.Modules.Tickets.Application\RailwayApp.Modules.Tickets.Application.csproj", "{511A8768-EFC5-4F99-AA0C-CA9453C6C2A5}"
EndProject
Project("{FAE04EC0-301F-11D3-BF4B-00C04F79EFBC}") = "RailwayApp.Modules.Tickets.Infrastructure", "src\Modules\Tickets\RailwayApp.Modules.Tickets.Infrastructure\RailwayApp.Modules.Tickets.Infrastructure.csproj", "{D2EC8EC6-2C68-45B6-BFE2-D309EF9D5828}"
EndProject
Project("{FAE04EC0-301F-11D3-BF4B-00C04F79EFBC}") = "RailwayApp.Modules.Trains.Domain", "src\Modules\Trains\RailwayApp.Modules.Trains.Domain\RailwayApp.Modules.Trains.Domain.csproj", "{305524A4-8A36-4914-BA5A-2330EC839FD8}"
EndProject
Project("{FAE04EC0-301F-11D3-BF4B-00C04F79EFBC}") = "RailwayApp.Modules.Trains.Application", "src\Modules\Trains\RailwayApp.Modules.Trains.Application\RailwayApp.Modules.Trains.Application.csproj", "{7CBA820C-50BE-4174-907E-58E7B75AD9DD}"
EndProject
Project("{FAE04EC0-301F-11D3-BF4B-00C04F79EFBC}") = "RailwayApp.Modules.Trains.Infrastructure", "src\Modules\Trains\RailwayApp.Modules.Trains.Infrastructure\RailwayApp.Modules.Trains.Infrastructure.csproj", "{DC27B351-33C0-4D8F-8114-722D522C258E}"
EndProject
Project("{FAE04EC0-301F-11D3-BF4B-00C04F79EFBC}") = "RailwayApp.Shared.Messaging", "src\Shared\RailwayApp.Shared.Messaging\RailwayApp.Shared.Messaging.csproj", "{9F281426-EDC4-41F4-B250-B77340D2EC30}"
EndProject
Project("{FAE04EC0-301F-11D3-BF4B-00C04F79EFBC}") = "RailwayApp.Modules.Tickets.Presentation", "src\Modules\Tickets\RailwayApp.Modules.Tickets.Presentation\RailwayApp.Modules.Tickets.Presentation.csproj", "{46717255-E830-4DA4-AC1D-7E648B6E2137}"
EndProject
Project("{FAE04EC0-301F-11D3-BF4B-00C04F79EFBC}") = "RailwayApp.Modules.Trains.Presentation", "src\Modules\Trains\RailwayApp.Modules.Trains.Presentation\RailwayApp.Modules.Trains.Presentation.csproj", "{435A84ED-6256-4CFB-A438-6277CDDB1AC4}"
EndProject
Project("{2150E333-8FDC-42A3-9474-1A3956D46DE8}") = "Solution Items", "Solution Items", "{635644BC-E655-4395-8AB7-15042FFA3EB5}"
	ProjectSection(SolutionItems) = preProject
		compose.yaml = compose.yaml
	EndProjectSection
EndProject
Project("{FAE04EC0-301F-11D3-BF4B-00C04F79EFBC}") = "RailwayApp.Shared.Domain", "src\Shared\RailwayApp.Shared.Domain\RailwayApp.Shared.Domain.csproj", "{8E894F2F-48D5-40D8-8ECE-E18C9DB6E9DD}"
EndProject
Project("{2150E333-8FDC-42A3-9474-1A3956D46DE8}") = "Stations", "Stations", "{89EEF9BA-1FB8-44C6-ACF2-6D8135269849}"
EndProject
Project("{FAE04EC0-301F-11D3-BF4B-00C04F79EFBC}") = "RailwayApp.Modules.Stations.Application", "src\Modules\Stations\RailwayApp.Modules.Stations.Application\RailwayApp.Modules.Stations.Application.csproj", "{190F0034-2F52-4CA5-B607-B53904139B92}"
EndProject
Project("{FAE04EC0-301F-11D3-BF4B-00C04F79EFBC}") = "RailwayApp.Modules.Stations.Domain", "src\Modules\Stations\RailwayApp.Modules.Stations.Domain\RailwayApp.Modules.Stations.Domain.csproj", "{8DCD0AEA-0F82-4134-A720-BECF8CF20F25}"
EndProject
Project("{FAE04EC0-301F-11D3-BF4B-00C04F79EFBC}") = "RailwayApp.Modules.Stations.Infrastructure", "src\Modules\Stations\RailwayApp.Modules.Stations.Infrastructure\RailwayApp.Modules.Stations.Infrastructure.csproj", "{76E5D96E-BD22-4A40-9161-9B190C60B4F5}"
EndProject
Project("{FAE04EC0-301F-11D3-BF4B-00C04F79EFBC}") = "RailwayApp.Modules.Stations.Presentation", "src\Modules\Stations\RailwayApp.Modules.Stations.Presentation\RailwayApp.Modules.Stations.Presentation.csproj", "{601183F5-DF58-4F94-A1C5-FFB70B6D71C6}"
EndProject
Project("{FAE04EC0-301F-11D3-BF4B-00C04F79EFBC}") = "RailwayApp.Shared.Application", "src\Shared\RailwayApp.Shared.Application\RailwayApp.Shared.Application.csproj", "{745E38F5-93A5-47E6-AB32-5CC91A3E5181}"
EndProject
Project("{FAE04EC0-301F-11D3-BF4B-00C04F79EFBC}") = "RailwayApp.Shared.Infrastructure", "src\Shared\RailwayApp.Shared.Infrastructure\RailwayApp.Shared.Infrastructure.csproj", "{DD7C303C-23ED-40FD-B58D-6F8E00ACF196}"
EndProject
Project("{FAE04EC0-301F-11D3-BF4B-00C04F79EFBC}") = "RailwayApp.Shared.Presentation", "src\Shared\RailwayApp.Shared.Presentation\RailwayApp.Shared.Presentation.csproj", "{D9AB6FBF-BFFC-4F41-8A6E-1B0922609C5A}"
EndProject
Global
	GlobalSection(SolutionConfigurationPlatforms) = preSolution
		Debug|Any CPU = Debug|Any CPU
		Release|Any CPU = Release|Any CPU
	EndGlobalSection
	GlobalSection(ProjectConfigurationPlatforms) = postSolution
		{81F2FF1E-1C13-4E5A-8AE9-EE30DCBF4959}.Debug|Any CPU.ActiveCfg = Debug|Any CPU
		{81F2FF1E-1C13-4E5A-8AE9-EE30DCBF4959}.Debug|Any CPU.Build.0 = Debug|Any CPU
		{81F2FF1E-1C13-4E5A-8AE9-EE30DCBF4959}.Release|Any CPU.ActiveCfg = Release|Any CPU
		{81F2FF1E-1C13-4E5A-8AE9-EE30DCBF4959}.Release|Any CPU.Build.0 = Release|Any CPU
		{46A2C9B1-997C-4A78-9292-1FB0C6A66C05}.Debug|Any CPU.ActiveCfg = Debug|Any CPU
		{46A2C9B1-997C-4A78-9292-1FB0C6A66C05}.Debug|Any CPU.Build.0 = Debug|Any CPU
		{46A2C9B1-997C-4A78-9292-1FB0C6A66C05}.Release|Any CPU.ActiveCfg = Release|Any CPU
		{46A2C9B1-997C-4A78-9292-1FB0C6A66C05}.Release|Any CPU.Build.0 = Release|Any CPU
		{511A8768-EFC5-4F99-AA0C-CA9453C6C2A5}.Debug|Any CPU.ActiveCfg = Debug|Any CPU
		{511A8768-EFC5-4F99-AA0C-CA9453C6C2A5}.Debug|Any CPU.Build.0 = Debug|Any CPU
		{511A8768-EFC5-4F99-AA0C-CA9453C6C2A5}.Release|Any CPU.ActiveCfg = Release|Any CPU
		{511A8768-EFC5-4F99-AA0C-CA9453C6C2A5}.Release|Any CPU.Build.0 = Release|Any CPU
		{D2EC8EC6-2C68-45B6-BFE2-D309EF9D5828}.Debug|Any CPU.ActiveCfg = Debug|Any CPU
		{D2EC8EC6-2C68-45B6-BFE2-D309EF9D5828}.Debug|Any CPU.Build.0 = Debug|Any CPU
		{D2EC8EC6-2C68-45B6-BFE2-D309EF9D5828}.Release|Any CPU.ActiveCfg = Release|Any CPU
		{D2EC8EC6-2C68-45B6-BFE2-D309EF9D5828}.Release|Any CPU.Build.0 = Release|Any CPU
		{305524A4-8A36-4914-BA5A-2330EC839FD8}.Debug|Any CPU.ActiveCfg = Debug|Any CPU
		{305524A4-8A36-4914-BA5A-2330EC839FD8}.Debug|Any CPU.Build.0 = Debug|Any CPU
		{305524A4-8A36-4914-BA5A-2330EC839FD8}.Release|Any CPU.ActiveCfg = Release|Any CPU
		{305524A4-8A36-4914-BA5A-2330EC839FD8}.Release|Any CPU.Build.0 = Release|Any CPU
		{7CBA820C-50BE-4174-907E-58E7B75AD9DD}.Debug|Any CPU.ActiveCfg = Debug|Any CPU
		{7CBA820C-50BE-4174-907E-58E7B75AD9DD}.Debug|Any CPU.Build.0 = Debug|Any CPU
		{7CBA820C-50BE-4174-907E-58E7B75AD9DD}.Release|Any CPU.ActiveCfg = Release|Any CPU
		{7CBA820C-50BE-4174-907E-58E7B75AD9DD}.Release|Any CPU.Build.0 = Release|Any CPU
		{DC27B351-33C0-4D8F-8114-722D522C258E}.Debug|Any CPU.ActiveCfg = Debug|Any CPU
		{DC27B351-33C0-4D8F-8114-722D522C258E}.Debug|Any CPU.Build.0 = Debug|Any CPU
		{DC27B351-33C0-4D8F-8114-722D522C258E}.Release|Any CPU.ActiveCfg = Release|Any CPU
		{DC27B351-33C0-4D8F-8114-722D522C258E}.Release|Any CPU.Build.0 = Release|Any CPU
		{9F281426-EDC4-41F4-B250-B77340D2EC30}.Debug|Any CPU.ActiveCfg = Debug|Any CPU
		{9F281426-EDC4-41F4-B250-B77340D2EC30}.Debug|Any CPU.Build.0 = Debug|Any CPU
		{9F281426-EDC4-41F4-B250-B77340D2EC30}.Release|Any CPU.ActiveCfg = Release|Any CPU
		{9F281426-EDC4-41F4-B250-B77340D2EC30}.Release|Any CPU.Build.0 = Release|Any CPU
		{46717255-E830-4DA4-AC1D-7E648B6E2137}.Debug|Any CPU.ActiveCfg = Debug|Any CPU
		{46717255-E830-4DA4-AC1D-7E648B6E2137}.Debug|Any CPU.Build.0 = Debug|Any CPU
		{46717255-E830-4DA4-AC1D-7E648B6E2137}.Release|Any CPU.ActiveCfg = Release|Any CPU
		{46717255-E830-4DA4-AC1D-7E648B6E2137}.Release|Any CPU.Build.0 = Release|Any CPU
		{435A84ED-6256-4CFB-A438-6277CDDB1AC4}.Debug|Any CPU.ActiveCfg = Debug|Any CPU
		{435A84ED-6256-4CFB-A438-6277CDDB1AC4}.Debug|Any CPU.Build.0 = Debug|Any CPU
		{435A84ED-6256-4CFB-A438-6277CDDB1AC4}.Release|Any CPU.ActiveCfg = Release|Any CPU
		{435A84ED-6256-4CFB-A438-6277CDDB1AC4}.Release|Any CPU.Build.0 = Release|Any CPU
		{8E894F2F-48D5-40D8-8ECE-E18C9DB6E9DD}.Debug|Any CPU.ActiveCfg = Debug|Any CPU
		{8E894F2F-48D5-40D8-8ECE-E18C9DB6E9DD}.Debug|Any CPU.Build.0 = Debug|Any CPU
		{8E894F2F-48D5-40D8-8ECE-E18C9DB6E9DD}.Release|Any CPU.ActiveCfg = Release|Any CPU
		{8E894F2F-48D5-40D8-8ECE-E18C9DB6E9DD}.Release|Any CPU.Build.0 = Release|Any CPU
		{190F0034-2F52-4CA5-B607-B53904139B92}.Debug|Any CPU.ActiveCfg = Debug|Any CPU
		{190F0034-2F52-4CA5-B607-B53904139B92}.Debug|Any CPU.Build.0 = Debug|Any CPU
		{190F0034-2F52-4CA5-B607-B53904139B92}.Release|Any CPU.ActiveCfg = Release|Any CPU
		{190F0034-2F52-4CA5-B607-B53904139B92}.Release|Any CPU.Build.0 = Release|Any CPU
		{8DCD0AEA-0F82-4134-A720-BECF8CF20F25}.Debug|Any CPU.ActiveCfg = Debug|Any CPU
		{8DCD0AEA-0F82-4134-A720-BECF8CF20F25}.Debug|Any CPU.Build.0 = Debug|Any CPU
		{8DCD0AEA-0F82-4134-A720-BECF8CF20F25}.Release|Any CPU.ActiveCfg = Release|Any CPU
		{8DCD0AEA-0F82-4134-A720-BECF8CF20F25}.Release|Any CPU.Build.0 = Release|Any CPU
		{76E5D96E-BD22-4A40-9161-9B190C60B4F5}.Debug|Any CPU.ActiveCfg = Debug|Any CPU
		{76E5D96E-BD22-4A40-9161-9B190C60B4F5}.Debug|Any CPU.Build.0 = Debug|Any CPU
		{76E5D96E-BD22-4A40-9161-9B190C60B4F5}.Release|Any CPU.ActiveCfg = Release|Any CPU
		{76E5D96E-BD22-4A40-9161-9B190C60B4F5}.Release|Any CPU.Build.0 = Release|Any CPU
		{601183F5-DF58-4F94-A1C5-FFB70B6D71C6}.Debug|Any CPU.ActiveCfg = Debug|Any CPU
		{601183F5-DF58-4F94-A1C5-FFB70B6D71C6}.Debug|Any CPU.Build.0 = Debug|Any CPU
		{601183F5-DF58-4F94-A1C5-FFB70B6D71C6}.Release|Any CPU.ActiveCfg = Release|Any CPU
		{601183F5-DF58-4F94-A1C5-FFB70B6D71C6}.Release|Any CPU.Build.0 = Release|Any CPU
		{745E38F5-93A5-47E6-AB32-5CC91A3E5181}.Debug|Any CPU.ActiveCfg = Debug|Any CPU
		{745E38F5-93A5-47E6-AB32-5CC91A3E5181}.Debug|Any CPU.Build.0 = Debug|Any CPU
		{745E38F5-93A5-47E6-AB32-5CC91A3E5181}.Release|Any CPU.ActiveCfg = Release|Any CPU
		{745E38F5-93A5-47E6-AB32-5CC91A3E5181}.Release|Any CPU.Build.0 = Release|Any CPU
		{DD7C303C-23ED-40FD-B58D-6F8E00ACF196}.Debug|Any CPU.ActiveCfg = Debug|Any CPU
		{DD7C303C-23ED-40FD-B58D-6F8E00ACF196}.Debug|Any CPU.Build.0 = Debug|Any CPU
		{DD7C303C-23ED-40FD-B58D-6F8E00ACF196}.Release|Any CPU.ActiveCfg = Release|Any CPU
		{DD7C303C-23ED-40FD-B58D-6F8E00ACF196}.Release|Any CPU.Build.0 = Release|Any CPU
		{D9AB6FBF-BFFC-4F41-8A6E-1B0922609C5A}.Debug|Any CPU.ActiveCfg = Debug|Any CPU
		{D9AB6FBF-BFFC-4F41-8A6E-1B0922609C5A}.Debug|Any CPU.Build.0 = Debug|Any CPU
		{D9AB6FBF-BFFC-4F41-8A6E-1B0922609C5A}.Release|Any CPU.ActiveCfg = Release|Any CPU
		{D9AB6FBF-BFFC-4F41-8A6E-1B0922609C5A}.Release|Any CPU.Build.0 = Release|Any CPU
	EndGlobalSection
	GlobalSection(SolutionProperties) = preSolution
		HideSolutionNode = FALSE
	EndGlobalSection
	GlobalSection(NestedProjects) = preSolution
		{37058BDD-5BB7-464B-A85E-35C03F541564} = {636EA6B8-9939-45F4-B1BD-B680263BB06D}
		{67A7C324-F64B-4790-97F7-126D0FEB826B} = {636EA6B8-9939-45F4-B1BD-B680263BB06D}
		{F983A566-0DE4-44FE-9DF1-62CE69A4680B} = {636EA6B8-9939-45F4-B1BD-B680263BB06D}
		{57B4B3E6-CE4C-4837-AF62-59D8F51A753A} = {67A7C324-F64B-4790-97F7-126D0FEB826B}
		{DA88F1F6-E5B1-4967-8056-1C19D6FEB481} = {67A7C324-F64B-4790-97F7-126D0FEB826B}
		{81F2FF1E-1C13-4E5A-8AE9-EE30DCBF4959} = {37058BDD-5BB7-464B-A85E-35C03F541564}
		{46A2C9B1-997C-4A78-9292-1FB0C6A66C05} = {DA88F1F6-E5B1-4967-8056-1C19D6FEB481}
		{511A8768-EFC5-4F99-AA0C-CA9453C6C2A5} = {DA88F1F6-E5B1-4967-8056-1C19D6FEB481}
		{D2EC8EC6-2C68-45B6-BFE2-D309EF9D5828} = {DA88F1F6-E5B1-4967-8056-1C19D6FEB481}
		{305524A4-8A36-4914-BA5A-2330EC839FD8} = {57B4B3E6-CE4C-4837-AF62-59D8F51A753A}
		{7CBA820C-50BE-4174-907E-58E7B75AD9DD} = {57B4B3E6-CE4C-4837-AF62-59D8F51A753A}
		{DC27B351-33C0-4D8F-8114-722D522C258E} = {57B4B3E6-CE4C-4837-AF62-59D8F51A753A}
		{9F281426-EDC4-41F4-B250-B77340D2EC30} = {F983A566-0DE4-44FE-9DF1-62CE69A4680B}
		{46717255-E830-4DA4-AC1D-7E648B6E2137} = {DA88F1F6-E5B1-4967-8056-1C19D6FEB481}
		{435A84ED-6256-4CFB-A438-6277CDDB1AC4} = {57B4B3E6-CE4C-4837-AF62-59D8F51A753A}
		{8E894F2F-48D5-40D8-8ECE-E18C9DB6E9DD} = {F983A566-0DE4-44FE-9DF1-62CE69A4680B}
		{89EEF9BA-1FB8-44C6-ACF2-6D8135269849} = {67A7C324-F64B-4790-97F7-126D0FEB826B}
		{190F0034-2F52-4CA5-B607-B53904139B92} = {89EEF9BA-1FB8-44C6-ACF2-6D8135269849}
		{8DCD0AEA-0F82-4134-A720-BECF8CF20F25} = {89EEF9BA-1FB8-44C6-ACF2-6D8135269849}
		{76E5D96E-BD22-4A40-9161-9B190C60B4F5} = {89EEF9BA-1FB8-44C6-ACF2-6D8135269849}
		{601183F5-DF58-4F94-A1C5-FFB70B6D71C6} = {89EEF9BA-1FB8-44C6-ACF2-6D8135269849}
		{745E38F5-93A5-47E6-AB32-5CC91A3E5181} = {F983A566-0DE4-44FE-9DF1-62CE69A4680B}
		{DD7C303C-23ED-40FD-B58D-6F8E00ACF196} = {F983A566-0DE4-44FE-9DF1-62CE69A4680B}
		{D9AB6FBF-BFFC-4F41-8A6E-1B0922609C5A} = {F983A566-0DE4-44FE-9DF1-62CE69A4680B}
	EndGlobalSection
	GlobalSection(ExtensibilityGlobals) = postSolution
		SolutionGuid = {6EAFE4CB-5823-4F49-8884-571F03562CBE}
	EndGlobalSection
EndGlobal
